// !$*UTF8*$!
{
	archiveVersion = 1;
	classes = {
	};
	objectVersion = 77;
	objects = {

/* Begin PBXBuildFile section */
		0B7C923E179469936C1DC8A7 /* FluidAudio in Frameworks */ = {isa = PBXBuildFile; productRef = E29D2CB566CB0EA007BA0347 /* FluidAudio */; };
		1421BDAFCDED3C34853A08AD /* RecordingView.swift in Sources */ = {isa = PBXBuildFile; fileRef = F75C7DC1EF6B3A634CE9ECA5 /* RecordingView.swift */; };
		14AF32F91169BD3B4B6CA08B /* DiarizationService.swift in Sources */ = {isa = PBXBuildFile; fileRef = DD5232A74A1A4E336CB53B44 /* DiarizationService.swift */; };
		27E5DF48AC1D3F6D7A5243E8 /* WhisperKit in Frameworks */ = {isa = PBXBuildFile; productRef = C40E8AF44D5785393BDBAA56 /* WhisperKit */; };
		29E15B1982A44DE99D87FF8D /* RecordingViewModel.swift in Sources */ = {isa = PBXBuildFile; fileRef = 05F76DC09F924F18DEBAA2E7 /* RecordingViewModel.swift */; };
		31DD7CDAFF7443C00F55823C /* DatabaseManagerTests.swift in Sources */ = {isa = PBXBuildFile; fileRef = CB33757C335C4B62D7897982 /* DatabaseManagerTests.swift */; };
		34C4551FD02570C3102AD1A2 /* DatabaseManager.swift in Sources */ = {isa = PBXBuildFile; fileRef = FA059E266A34661714209BED /* DatabaseManager.swift */; };
		3C0C4B1498F9CA1F7B9DC722 /* SettingsManagerTests.swift in Sources */ = {isa = PBXBuildFile; fileRef = D6D3D3AA0F2888D943F33337 /* SettingsManagerTests.swift */; };
		4AECC72692FFCBAC6070914E /* NewMeetingSheet.swift in Sources */ = {isa = PBXBuildFile; fileRef = C86B480BB85540FC459E4A00 /* NewMeetingSheet.swift */; };
		4F4914AD02BEA74B139A93EF /* SettingsManager.swift in Sources */ = {isa = PBXBuildFile; fileRef = 31664CD1FB0F51102E1880A3 /* SettingsManager.swift */; };
		4FFD537C22F2F61A7BB7E70D /* AudioPlayer.swift in Sources */ = {isa = PBXBuildFile; fileRef = FE2DDAEF55E68F1D56A195D8 /* AudioPlayer.swift */; };
		56B36580113984F56969420E /* PersonnelManagementView.swift in Sources */ = {isa = PBXBuildFile; fileRef = 7F8D8D98AA53DA4514867C6E /* PersonnelManagementView.swift */; };
		5D77E6A031538B9C2824D3D8 /* UnifiedTranscriptEditor.swift in Sources */ = {isa = PBXBuildFile; fileRef = F631FCC39409803BD7E8E396 /* UnifiedTranscriptEditor.swift */; };
		6563DBBD96C068F14659B4E5 /* MttoneApp.swift in Sources */ = {isa = PBXBuildFile; fileRef = 0AD9E54451CFD665E87F2725 /* MttoneApp.swift */; };
		660EF944543F75E7FFA34EB1 /* ContentView.swift in Sources */ = {isa = PBXBuildFile; fileRef = 38AE0338D179DF9D2A1ED3B0 /* ContentView.swift */; };
		71463D51A5B2D3386D827E50 /* Logger.swift in Sources */ = {isa = PBXBuildFile; fileRef = 3AE43655A27F919FE2FCACBD /* Logger.swift */; };
		83055614634169F56EB4653B /* MeetingInfoSidebar.swift in Sources */ = {isa = PBXBuildFile; fileRef = FFE382910D250ECC1B2B761A /* MeetingInfoSidebar.swift */; };
		868CBB2F02DF0784EC0F91EA /* AudioRecorder.swift in Sources */ = {isa = PBXBuildFile; fileRef = 9D875739A42ACAB9FF63E3C6 /* AudioRecorder.swift */; };
		904F58A1F5FA93B60AB9A78B /* WhisperService.swift in Sources */ = {isa = PBXBuildFile; fileRef = 85051B1DDD14D6278A29ABDC /* WhisperService.swift */; };
		AC129370BBAFAAAF066A54FF /* Assets.xcassets in Resources */ = {isa = PBXBuildFile; fileRef = 73315DC7E239C8E8DECFACBA /* Assets.xcassets */; };
		B9FDC1D006A3C16799CF66FA /* DebugLogView.swift in Sources */ = {isa = PBXBuildFile; fileRef = F1B30C77FE39D262D67414B3 /* DebugLogView.swift */; };
		C738067EFB6E4C40E056B282 /* MeetingListView.swift in Sources */ = {isa = PBXBuildFile; fileRef = 9622CE381B8DCDEA00F84BA6 /* MeetingListView.swift */; };
		CE82A9C997CE98EC1E0FEEE8 /* Models.swift in Sources */ = {isa = PBXBuildFile; fileRef = DF2DD2499C71F29112F2DA19 /* Models.swift */; };
		D7B5BD1D49F7A435526B133D /* ReviewingView.swift in Sources */ = {isa = PBXBuildFile; fileRef = D667415E577397B515A859D3 /* ReviewingView.swift */; };
		D80DCF666651AAA1EC1BB19D /* KeychainHelper.swift in Sources */ = {isa = PBXBuildFile; fileRef = C3096F1A9BBE2C7A1E5C0FA3 /* KeychainHelper.swift */; };
		E9C9357A268B54EA17B1E13E /* SettingsView.swift in Sources */ = {isa = PBXBuildFile; fileRef = 9C06F9984428970DAE2CAEDB /* SettingsView.swift */; };
		F25943C446383143B6A7099C /* MeetingListViewModel.swift in Sources */ = {isa = PBXBuildFile; fileRef = 776CB56BE02684D9821CEDD5 /* MeetingListViewModel.swift */; };
		F6172E0EBF5FD09F3911100B /* AboutView.swift in Sources */ = {isa = PBXBuildFile; fileRef = B3E214B496DF12A79E71777B /* AboutView.swift */; };
/* End PBXBuildFile section */

/* Begin PBXContainerItemProxy section */
		067258624956023752CCA7CB /* PBXContainerItemProxy */ = {
			isa = PBXContainerItemProxy;
			containerPortal = 381EBA69E87A92B569AA4844 /* Project object */;
			proxyType = 1;
			remoteGlobalIDString = E2FF1E79D6C3394BC4D66271;
			remoteInfo = AuraNote;
		};
/* End PBXContainerItemProxy section */

/* Begin PBXFileReference section */
		05F76DC09F924F18DEBAA2E7 /* RecordingViewModel.swift */ = {isa = PBXFileReference; lastKnownFileType = sourcecode.swift; path = RecordingViewModel.swift; sourceTree = "<group>"; };
		0AD9E54451CFD665E87F2725 /* MttoneApp.swift */ = {isa = PBXFileReference; lastKnownFileType = sourcecode.swift; path = MttoneApp.swift; sourceTree = "<group>"; };
		0E0D8630516D68651933DDEA /* AuraNote.app */ = {isa = PBXFileReference; includeInIndex = 0; lastKnownFileType = wrapper.application; path = AuraNote.app; sourceTree = BUILT_PRODUCTS_DIR; };
		31664CD1FB0F51102E1880A3 /* SettingsManager.swift */ = {isa = PBXFileReference; lastKnownFileType = sourcecode.swift; path = SettingsManager.swift; sourceTree = "<group>"; };
		38AE0338D179DF9D2A1ED3B0 /* ContentView.swift */ = {isa = PBXFileReference; lastKnownFileType = sourcecode.swift; path = ContentView.swift; sourceTree = "<group>"; };
		3AE43655A27F919FE2FCACBD /* Logger.swift */ = {isa = PBXFileReference; lastKnownFileType = sourcecode.swift; path = Logger.swift; sourceTree = "<group>"; };
		4BC170BD43CB5AC483B2A1C9 /* AuraNoteTests.xctest */ = {isa = PBXFileReference; includeInIndex = 0; lastKnownFileType = wrapper.cfbundle; path = AuraNoteTests.xctest; sourceTree = BUILT_PRODUCTS_DIR; };
		562A35A79F04F68C5F6E228E /* Info.plist */ = {isa = PBXFileReference; lastKnownFileType = text.plist; path = Info.plist; sourceTree = "<group>"; };
		73315DC7E239C8E8DECFACBA /* Assets.xcassets */ = {isa = PBXFileReference; lastKnownFileType = folder.assetcatalog; path = Assets.xcassets; sourceTree = "<group>"; };
		776CB56BE02684D9821CEDD5 /* MeetingListViewModel.swift */ = {isa = PBXFileReference; lastKnownFileType = sourcecode.swift; path = MeetingListViewModel.swift; sourceTree = "<group>"; };
		7F8D8D98AA53DA4514867C6E /* PersonnelManagementView.swift */ = {isa = PBXFileReference; lastKnownFileType = sourcecode.swift; path = PersonnelManagementView.swift; sourceTree = "<group>"; };
		85051B1DDD14D6278A29ABDC /* WhisperService.swift */ = {isa = PBXFileReference; lastKnownFileType = sourcecode.swift; path = WhisperService.swift; sourceTree = "<group>"; };
		9622CE381B8DCDEA00F84BA6 /* MeetingListView.swift */ = {isa = PBXFileReference; lastKnownFileType = sourcecode.swift; path = MeetingListView.swift; sourceTree = "<group>"; };
		9C06F9984428970DAE2CAEDB /* SettingsView.swift */ = {isa = PBXFileReference; lastKnownFileType = sourcecode.swift; path = SettingsView.swift; sourceTree = "<group>"; };
		9D875739A42ACAB9FF63E3C6 /* AudioRecorder.swift */ = {isa = PBXFileReference; lastKnownFileType = sourcecode.swift; path = AudioRecorder.swift; sourceTree = "<group>"; };
		AD3DACD8A167B88E38735C6F /* Mttone.entitlements */ = {isa = PBXFileReference; lastKnownFileType = text.plist.entitlements; path = Mttone.entitlements; sourceTree = "<group>"; };
		B3E214B496DF12A79E71777B /* AboutView.swift */ = {isa = PBXFileReference; lastKnownFileType = sourcecode.swift; path = AboutView.swift; sourceTree = "<group>"; };
		C3096F1A9BBE2C7A1E5C0FA3 /* KeychainHelper.swift */ = {isa = PBXFileReference; lastKnownFileType = sourcecode.swift; path = KeychainHelper.swift; sourceTree = "<group>"; };
		C86B480BB85540FC459E4A00 /* NewMeetingSheet.swift */ = {isa = PBXFileReference; lastKnownFileType = sourcecode.swift; path = NewMeetingSheet.swift; sourceTree = "<group>"; };
		CB33757C335C4B62D7897982 /* DatabaseManagerTests.swift */ = {isa = PBXFileReference; lastKnownFileType = sourcecode.swift; path = DatabaseManagerTests.swift; sourceTree = "<group>"; };
		D667415E577397B515A859D3 /* ReviewingView.swift */ = {isa = PBXFileReference; lastKnownFileType = sourcecode.swift; path = ReviewingView.swift; sourceTree = "<group>"; };
		D6D3D3AA0F2888D943F33337 /* SettingsManagerTests.swift */ = {isa = PBXFileReference; lastKnownFileType = sourcecode.swift; path = SettingsManagerTests.swift; sourceTree = "<group>"; };
		DD5232A74A1A4E336CB53B44 /* DiarizationService.swift */ = {isa = PBXFileReference; lastKnownFileType = sourcecode.swift; path = DiarizationService.swift; sourceTree = "<group>"; };
		DF2DD2499C71F29112F2DA19 /* Models.swift */ = {isa = PBXFileReference; lastKnownFileType = sourcecode.swift; path = Models.swift; sourceTree = "<group>"; };
		F1B30C77FE39D262D67414B3 /* DebugLogView.swift */ = {isa = PBXFileReference; lastKnownFileType = sourcecode.swift; path = DebugLogView.swift; sourceTree = "<group>"; };
		F631FCC39409803BD7E8E396 /* UnifiedTranscriptEditor.swift */ = {isa = PBXFileReference; lastKnownFileType = sourcecode.swift; path = UnifiedTranscriptEditor.swift; sourceTree = "<group>"; };
		F75C7DC1EF6B3A634CE9ECA5 /* RecordingView.swift */ = {isa = PBXFileReference; lastKnownFileType = sourcecode.swift; path = RecordingView.swift; sourceTree = "<group>"; };
		FA059E266A34661714209BED /* DatabaseManager.swift */ = {isa = PBXFileReference; lastKnownFileType = sourcecode.swift; path = DatabaseManager.swift; sourceTree = "<group>"; };
		FE2DDAEF55E68F1D56A195D8 /* AudioPlayer.swift */ = {isa = PBXFileReference; lastKnownFileType = sourcecode.swift; path = AudioPlayer.swift; sourceTree = "<group>"; };
		FFE382910D250ECC1B2B761A /* MeetingInfoSidebar.swift */ = {isa = PBXFileReference; lastKnownFileType = sourcecode.swift; path = MeetingInfoSidebar.swift; sourceTree = "<group>"; };
/* End PBXFileReference section */

/* Begin PBXFrameworksBuildPhase section */
		C5D0ACCCF0D8D2F5942F38E0 /* Frameworks */ = {
			isa = PBXFrameworksBuildPhase;
			buildActionMask = 2147483647;
			files = (
				27E5DF48AC1D3F6D7A5243E8 /* WhisperKit in Frameworks */,
				0B7C923E179469936C1DC8A7 /* FluidAudio in Frameworks */,
			);
			runOnlyForDeploymentPostprocessing = 0;
		};
/* End PBXFrameworksBuildPhase section */

/* Begin PBXGroup section */
		191270541CC8E4E576B060AB /* MttoneTests */ = {
			isa = PBXGroup;
			children = (
				CB33757C335C4B62D7897982 /* DatabaseManagerTests.swift */,
				D6D3D3AA0F2888D943F33337 /* SettingsManagerTests.swift */,
			);
			path = MttoneTests;
			sourceTree = "<group>";
		};
		3284CAD43186341756DF69B3 /* Services */ = {
			isa = PBXGroup;
			children = (
				FE2DDAEF55E68F1D56A195D8 /* AudioPlayer.swift */,
				9D875739A42ACAB9FF63E3C6 /* AudioRecorder.swift */,
				FA059E266A34661714209BED /* DatabaseManager.swift */,
				DD5232A74A1A4E336CB53B44 /* DiarizationService.swift */,
				C3096F1A9BBE2C7A1E5C0FA3 /* KeychainHelper.swift */,
				3AE43655A27F919FE2FCACBD /* Logger.swift */,
				31664CD1FB0F51102E1880A3 /* SettingsManager.swift */,
				85051B1DDD14D6278A29ABDC /* WhisperService.swift */,
			);
			path = Services;
			sourceTree = "<group>";
		};
		3E00E726D491E4E971BEC133 = {
			isa = PBXGroup;
			children = (
				7917DC217B3CD2CE576AB24B /* Mttone */,
				191270541CC8E4E576B060AB /* MttoneTests */,
				84054DF5D958344536633350 /* Products */,
			);
			sourceTree = "<group>";
		};
		5C0A13C0FBF751456A560D7D /* Models */ = {
			isa = PBXGroup;
			children = (
				DF2DD2499C71F29112F2DA19 /* Models.swift */,
			);
			path = Models;
			sourceTree = "<group>";
		};
		7616E78DF1936F9DE4642E96 /* Views */ = {
			isa = PBXGroup;
			children = (
				B3E214B496DF12A79E71777B /* AboutView.swift */,
				38AE0338D179DF9D2A1ED3B0 /* ContentView.swift */,
				F1B30C77FE39D262D67414B3 /* DebugLogView.swift */,
				FFE382910D250ECC1B2B761A /* MeetingInfoSidebar.swift */,
				9622CE381B8DCDEA00F84BA6 /* MeetingListView.swift */,
				C86B480BB85540FC459E4A00 /* NewMeetingSheet.swift */,
				7F8D8D98AA53DA4514867C6E /* PersonnelManagementView.swift */,
				F75C7DC1EF6B3A634CE9ECA5 /* RecordingView.swift */,
				D667415E577397B515A859D3 /* ReviewingView.swift */,
				9C06F9984428970DAE2CAEDB /* SettingsView.swift */,
				F631FCC39409803BD7E8E396 /* UnifiedTranscriptEditor.swift */,
			);
			path = Views;
			sourceTree = "<group>";
		};
		7917DC217B3CD2CE576AB24B /* Mttone */ = {
			isa = PBXGroup;
			children = (
				73315DC7E239C8E8DECFACBA /* Assets.xcassets */,
				562A35A79F04F68C5F6E228E /* Info.plist */,
				AD3DACD8A167B88E38735C6F /* Mttone.entitlements */,
				0AD9E54451CFD665E87F2725 /* MttoneApp.swift */,
				5C0A13C0FBF751456A560D7D /* Models */,
				3284CAD43186341756DF69B3 /* Services */,
				D384541B7C916E734C014036 /* ViewModels */,
				7616E78DF1936F9DE4642E96 /* Views */,
			);
			path = Mttone;
			sourceTree = "<group>";
		};
		84054DF5D958344536633350 /* Products */ = {
			isa = PBXGroup;
			children = (
				0E0D8630516D68651933DDEA /* AuraNote.app */,
				4BC170BD43CB5AC483B2A1C9 /* AuraNoteTests.xctest */,
			);
			name = Products;
			sourceTree = "<group>";
		};
		D384541B7C916E734C014036 /* ViewModels */ = {
			isa = PBXGroup;
			children = (
				776CB56BE02684D9821CEDD5 /* MeetingListViewModel.swift */,
				05F76DC09F924F18DEBAA2E7 /* RecordingViewModel.swift */,
			);
			path = ViewModels;
			sourceTree = "<group>";
		};
/* End PBXGroup section */

/* Begin PBXNativeTarget section */
		D44ABD8382B64EF426DD6D19 /* AuraNoteTests */ = {
			isa = PBXNativeTarget;
			buildConfigurationList = D6B44448745AB6B431E63E21 /* Build configuration list for PBXNativeTarget "AuraNoteTests" */;
			buildPhases = (
				A2B4FB801312E4D5235425B0 /* Sources */,
			);
			buildRules = (
			);
			dependencies = (
				731E2BACFB6FA2EABF88075B /* PBXTargetDependency */,
			);
			name = AuraNoteTests;
			packageProductDependencies = (
			);
			productName = AuraNoteTests;
			productReference = 4BC170BD43CB5AC483B2A1C9 /* AuraNoteTests.xctest */;
			productType = "com.apple.product-type.bundle.unit-test";
		};
		E2FF1E79D6C3394BC4D66271 /* AuraNote */ = {
			isa = PBXNativeTarget;
			buildConfigurationList = 52D704DE002AFCD03B9874F6 /* Build configuration list for PBXNativeTarget "AuraNote" */;
			buildPhases = (
				7016107181A60D55EFCC299B /* Sources */,
				FAAD475F3CB36607A88D378A /* Resources */,
				C5D0ACCCF0D8D2F5942F38E0 /* Frameworks */,
			);
			buildRules = (
			);
			dependencies = (
			);
			name = AuraNote;
			packageProductDependencies = (
				C40E8AF44D5785393BDBAA56 /* WhisperKit */,
				E29D2CB566CB0EA007BA0347 /* FluidAudio */,
			);
			productName = AuraNote;
			productReference = 0E0D8630516D68651933DDEA /* AuraNote.app */;
			productType = "com.apple.product-type.application";
		};
/* End PBXNativeTarget section */

/* Begin PBXProject section */
		381EBA69E87A92B569AA4844 /* Project object */ = {
			isa = PBXProject;
			attributes = {
				BuildIndependentTargetsInParallel = YES;
				LastUpgradeCheck = 1600;
				TargetAttributes = {
					D44ABD8382B64EF426DD6D19 = {
						DevelopmentTeam = J4RT98GF7B;
					};
					E2FF1E79D6C3394BC4D66271 = {
						DevelopmentTeam = J4RT98GF7B;
					};
				};
			};
			buildConfigurationList = 7D5A3944F7B0F9D082CB2849 /* Build configuration list for PBXProject "AuraNote" */;
			developmentRegion = en;
			hasScannedForEncodings = 0;
			knownRegions = (
				Base,
				en,
			);
			mainGroup = 3E00E726D491E4E971BEC133;
			minimizedProjectReferenceProxies = 1;
			packageReferences = (
				4B5372E24ABB1B319E7FAD33 /* XCRemoteSwiftPackageReference "FluidAudio" */,
				93DDE6E584C6928ABB67DEA6 /* XCRemoteSwiftPackageReference "WhisperKit" */,
			);
			preferredProjectObjectVersion = 77;
			productRefGroup = 84054DF5D958344536633350 /* Products */;
			projectDirPath = "";
			projectRoot = "";
			targets = (
				E2FF1E79D6C3394BC4D66271 /* AuraNote */,
				D44ABD8382B64EF426DD6D19 /* AuraNoteTests */,
			);
		};
/* End PBXProject section */

/* Begin PBXResourcesBuildPhase section */
		FAAD475F3CB36607A88D378A /* Resources */ = {
			isa = PBXResourcesBuildPhase;
			buildActionMask = 2147483647;
			files = (
				AC129370BBAFAAAF066A54FF /* Assets.xcassets in Resources */,
			);
			runOnlyForDeploymentPostprocessing = 0;
		};
/* End PBXResourcesBuildPhase section */

/* Begin PBXSourcesBuildPhase section */
		7016107181A60D55EFCC299B /* Sources */ = {
			isa = PBXSourcesBuildPhase;
			buildActionMask = 2147483647;
			files = (
				F6172E0EBF5FD09F3911100B /* AboutView.swift in Sources */,
				4FFD537C22F2F61A7BB7E70D /* AudioPlayer.swift in Sources */,
				868CBB2F02DF0784EC0F91EA /* AudioRecorder.swift in Sources */,
				660EF944543F75E7FFA34EB1 /* ContentView.swift in Sources */,
				34C4551FD02570C3102AD1A2 /* DatabaseManager.swift in Sources */,
				B9FDC1D006A3C16799CF66FA /* DebugLogView.swift in Sources */,
				14AF32F91169BD3B4B6CA08B /* DiarizationService.swift in Sources */,
				D80DCF666651AAA1EC1BB19D /* KeychainHelper.swift in Sources */,
				71463D51A5B2D3386D827E50 /* Logger.swift in Sources */,
				83055614634169F56EB4653B /* MeetingInfoSidebar.swift in Sources */,
				C738067EFB6E4C40E056B282 /* MeetingListView.swift in Sources */,
				F25943C446383143B6A7099C /* MeetingListViewModel.swift in Sources */,
				CE82A9C997CE98EC1E0FEEE8 /* Models.swift in Sources */,
				6563DBBD96C068F14659B4E5 /* MttoneApp.swift in Sources */,
				4AECC72692FFCBAC6070914E /* NewMeetingSheet.swift in Sources */,
				56B36580113984F56969420E /* PersonnelManagementView.swift in Sources */,
				1421BDAFCDED3C34853A08AD /* RecordingView.swift in Sources */,
				29E15B1982A44DE99D87FF8D /* RecordingViewModel.swift in Sources */,
				D7B5BD1D49F7A435526B133D /* ReviewingView.swift in Sources */,
				4F4914AD02BEA74B139A93EF /* SettingsManager.swift in Sources */,
				E9C9357A268B54EA17B1E13E /* SettingsView.swift in Sources */,
				5D77E6A031538B9C2824D3D8 /* UnifiedTranscriptEditor.swift in Sources */,
				904F58A1F5FA93B60AB9A78B /* WhisperService.swift in Sources */,
			);
			runOnlyForDeploymentPostprocessing = 0;
		};
		A2B4FB801312E4D5235425B0 /* Sources */ = {
			isa = PBXSourcesBuildPhase;
			buildActionMask = 2147483647;
			files = (
				31DD7CDAFF7443C00F55823C /* DatabaseManagerTests.swift in Sources */,
				3C0C4B1498F9CA1F7B9DC722 /* SettingsManagerTests.swift in Sources */,
			);
			runOnlyForDeploymentPostprocessing = 0;
		};
/* End PBXSourcesBuildPhase section */

/* Begin PBXTargetDependency section */
		731E2BACFB6FA2EABF88075B /* PBXTargetDependency */ = {
			isa = PBXTargetDependency;
			target = E2FF1E79D6C3394BC4D66271 /* AuraNote */;
			targetProxy = 067258624956023752CCA7CB /* PBXContainerItemProxy */;
		};
/* End PBXTargetDependency section */

/* Begin XCBuildConfiguration section */
		127029D259F8EFF809E27D07 /* Debug */ = {
			isa = XCBuildConfiguration;
			buildSettings = {
				ASSETCATALOG_COMPILER_APPICON_NAME = AppIcon;
				CODE_SIGN_ENTITLEMENTS = Mttone/Mttone.entitlements;
				CODE_SIGN_IDENTITY = "iPhone Developer";
				INFOPLIST_FILE = Mttone/Info.plist;
				LD_RUNPATH_SEARCH_PATHS = (
					"$(inherited)",
					"@executable_path/Frameworks",
				);
				PRODUCT_BUNDLE_IDENTIFIER = com.eastlakestudio.auranote;
				PRODUCT_NAME = AuraNote;
				SDKROOT = auto;
				SUPPORTED_PLATFORMS = "iphoneos iphonesimulator macosx";
				SUPPORTS_MACCATALYST = NO;
				SUPPORTS_MAC_DESIGNED_FOR_IPHONE_IPAD = YES;
				SUPPORTS_XR_DESIGNED_FOR_IPHONE_IPAD = YES;
				TARGETED_DEVICE_FAMILY = "1,2";
			};
			name = Debug;
		};
		34D20466DEA4BFE5F15AC3E1 /* Release */ = {
			isa = XCBuildConfiguration;
			buildSettings = {
				ASSETCATALOG_COMPILER_APPICON_NAME = AppIcon;
				CODE_SIGN_ENTITLEMENTS = Mttone/Mttone.entitlements;
				CODE_SIGN_IDENTITY = "iPhone Developer";
				INFOPLIST_FILE = Mttone/Info.plist;
				LD_RUNPATH_SEARCH_PATHS = (
					"$(inherited)",
					"@executable_path/Frameworks",
				);
				PRODUCT_BUNDLE_IDENTIFIER = com.eastlakestudio.auranote;
				PRODUCT_NAME = AuraNote;
				SDKROOT = auto;
				SUPPORTED_PLATFORMS = "iphoneos iphonesimulator macosx";
				SUPPORTS_MACCATALYST = NO;
				SUPPORTS_MAC_DESIGNED_FOR_IPHONE_IPAD = YES;
				SUPPORTS_XR_DESIGNED_FOR_IPHONE_IPAD = YES;
				TARGETED_DEVICE_FAMILY = "1,2";
			};
			name = Release;
		};
		4DACF484F322FC29091FC9AC /* Debug */ = {
			isa = XCBuildConfiguration;
			buildSettings = {
				BUNDLE_LOADER = "$(TEST_HOST)";
				LD_RUNPATH_SEARCH_PATHS = (
					"$(inherited)",
					"@executable_path/Frameworks",
					"@loader_path/Frameworks",
				);
				PRODUCT_BUNDLE_IDENTIFIER = com.eastlakestudio.auranote.tests;
				SDKROOT = auto;
				SUPPORTED_PLATFORMS = "iphoneos iphonesimulator macosx";
				SUPPORTS_MACCATALYST = NO;
				SUPPORTS_MAC_DESIGNED_FOR_IPHONE_IPAD = NO;
				SUPPORTS_XR_DESIGNED_FOR_IPHONE_IPAD = YES;
				TARGETED_DEVICE_FAMILY = "1,2";
				TEST_HOST = "$(BUILT_PRODUCTS_DIR)/AuraNote.app/Contents/MacOS/AuraNote";
			};
			name = Debug;
		};
		5787D4F6AD44CD1542B969CF /* Release */ = {
			isa = XCBuildConfiguration;
			buildSettings = {
				ALWAYS_SEARCH_USER_PATHS = NO;
				CLANG_ANALYZER_NONNULL = YES;
				CLANG_ANALYZER_NUMBER_OBJECT_CONVERSION = YES_AGGRESSIVE;
				CLANG_CXX_LANGUAGE_STANDARD = "gnu++14";
				CLANG_CXX_LIBRARY = "libc++";
				CLANG_ENABLE_MODULES = YES;
				CLANG_ENABLE_OBJC_ARC = YES;
				CLANG_ENABLE_OBJC_WEAK = YES;
				CLANG_WARN_BLOCK_CAPTURE_AUTORELEASING = YES;
				CLANG_WARN_BOOL_CONVERSION = YES;
				CLANG_WARN_COMMA = YES;
				CLANG_WARN_CONSTANT_CONVERSION = YES;
				CLANG_WARN_DEPRECATED_OBJC_IMPLEMENTATIONS = YES;
				CLANG_WARN_DIRECT_OBJC_ISA_USAGE = YES_ERROR;
				CLANG_WARN_DOCUMENTATION_COMMENTS = YES;
				CLANG_WARN_EMPTY_BODY = YES;
				CLANG_WARN_ENUM_CONVERSION = YES;
				CLANG_WARN_INFINITE_RECURSION = YES;
				CLANG_WARN_INT_CONVERSION = YES;
				CLANG_WARN_NON_LITERAL_NULL_CONVERSION = YES;
				CLANG_WARN_OBJC_IMPLICIT_RETAIN_SELF = YES;
				CLANG_WARN_OBJC_LITERAL_CONVERSION = YES;
				CLANG_WARN_OBJC_ROOT_CLASS = YES_ERROR;
				CLANG_WARN_QUOTED_INCLUDE_IN_FRAMEWORK_HEADER = YES;
				CLANG_WARN_RANGE_LOOP_ANALYSIS = YES;
				CLANG_WARN_STRICT_PROTOTYPES = YES;
				CLANG_WARN_SUSPICIOUS_MOVE = YES;
				CLANG_WARN_UNGUARDED_AVAILABILITY = YES_AGGRESSIVE;
				CLANG_WARN_UNREACHABLE_CODE = YES;
				CLANG_WARN__DUPLICATE_METHOD_MATCH = YES;
				COPY_PHASE_STRIP = NO;
				CURRENT_PROJECT_VERSION = 3;
				DEBUG_INFORMATION_FORMAT = "dwarf-with-dsym";
				DEVELOPMENT_TEAM = J4RT98GF7B;
				ENABLE_NS_ASSERTIONS = NO;
				ENABLE_STRICT_OBJC_MSGSEND = YES;
				GCC_C_LANGUAGE_STANDARD = gnu11;
				GCC_NO_COMMON_BLOCKS = YES;
				GCC_WARN_64_TO_32_BIT_CONVERSION = YES;
				GCC_WARN_ABOUT_RETURN_TYPE = YES_ERROR;
				GCC_WARN_UNDECLARED_SELECTOR = YES;
				GCC_WARN_UNINITIALIZED_AUTOS = YES_AGGRESSIVE;
				GCC_WARN_UNUSED_FUNCTION = YES;
				GCC_WARN_UNUSED_VARIABLE = YES;
				IPHONEOS_DEPLOYMENT_TARGET = 17.0;
				MACOSX_DEPLOYMENT_TARGET = 14.0;
				MARKETING_VERSION = 1.0.1;
				MTL_ENABLE_DEBUG_INFO = NO;
				MTL_FAST_MATH = YES;
				PRODUCT_NAME = "$(TARGET_NAME)";
				SDKROOT = auto;
				SWIFT_COMPILATION_MODE = wholemodule;
				SWIFT_OPTIMIZATION_LEVEL = "-O";
				SWIFT_VERSION = 5.9;
			};
			name = Release;
		};
		C368846255DE0B60AD2C8B55 /* Debug */ = {
			isa = XCBuildConfiguration;
			buildSettings = {
				ALWAYS_SEARCH_USER_PATHS = NO;
				CLANG_ANALYZER_NONNULL = YES;
				CLANG_ANALYZER_NUMBER_OBJECT_CONVERSION = YES_AGGRESSIVE;
				CLANG_CXX_LANGUAGE_STANDARD = "gnu++14";
				CLANG_CXX_LIBRARY = "libc++";
				CLANG_ENABLE_MODULES = YES;
				CLANG_ENABLE_OBJC_ARC = YES;
				CLANG_ENABLE_OBJC_WEAK = YES;
				CLANG_WARN_BLOCK_CAPTURE_AUTORELEASING = YES;
				CLANG_WARN_BOOL_CONVERSION = YES;
				CLANG_WARN_COMMA = YES;
				CLANG_WARN_CONSTANT_CONVERSION = YES;
				CLANG_WARN_DEPRECATED_OBJC_IMPLEMENTATIONS = YES;
				CLANG_WARN_DIRECT_OBJC_ISA_USAGE = YES_ERROR;
				CLANG_WARN_DOCUMENTATION_COMMENTS = YES;
				CLANG_WARN_EMPTY_BODY = YES;
				CLANG_WARN_ENUM_CONVERSION = YES;
				CLANG_WARN_INFINITE_RECURSION = YES;
				CLANG_WARN_INT_CONVERSION = YES;
				CLANG_WARN_NON_LITERAL_NULL_CONVERSION = YES;
				CLANG_WARN_OBJC_IMPLICIT_RETAIN_SELF = YES;
				CLANG_WARN_OBJC_LITERAL_CONVERSION = YES;
				CLANG_WARN_OBJC_ROOT_CLASS = YES_ERROR;
				CLANG_WARN_QUOTED_INCLUDE_IN_FRAMEWORK_HEADER = YES;
				CLANG_WARN_RANGE_LOOP_ANALYSIS = YES;
				CLANG_WARN_STRICT_PROTOTYPES = YES;
				CLANG_WARN_SUSPICIOUS_MOVE = YES;
				CLANG_WARN_UNGUARDED_AVAILABILITY = YES_AGGRESSIVE;
				CLANG_WARN_UNREACHABLE_CODE = YES;
				CLANG_WARN__DUPLICATE_METHOD_MATCH = YES;
				COPY_PHASE_STRIP = NO;
				CURRENT_PROJECT_VERSION = 3;
				DEBUG_INFORMATION_FORMAT = dwarf;
				DEVELOPMENT_TEAM = J4RT98GF7B;
				ENABLE_STRICT_OBJC_MSGSEND = YES;
				ENABLE_TESTABILITY = YES;
				GCC_C_LANGUAGE_STANDARD = gnu11;
				GCC_DYNAMIC_NO_PIC = NO;
				GCC_NO_COMMON_BLOCKS = YES;
				GCC_OPTIMIZATION_LEVEL = 0;
				GCC_PREPROCESSOR_DEFINITIONS = (
					"$(inherited)",
					"DEBUG=1",
				);
				GCC_WARN_64_TO_32_BIT_CONVERSION = YES;
				GCC_WARN_ABOUT_RETURN_TYPE = YES_ERROR;
				GCC_WARN_UNDECLARED_SELECTOR = YES;
				GCC_WARN_UNINITIALIZED_AUTOS = YES_AGGRESSIVE;
				GCC_WARN_UNUSED_FUNCTION = YES;
				GCC_WARN_UNUSED_VARIABLE = YES;
				IPHONEOS_DEPLOYMENT_TARGET = 17.0;
				MACOSX_DEPLOYMENT_TARGET = 14.0;
				MARKETING_VERSION = 1.0.1;
				MTL_ENABLE_DEBUG_INFO = INCLUDE_SOURCE;
				MTL_FAST_MATH = YES;
				ONLY_ACTIVE_ARCH = YES;
				PRODUCT_NAME = "$(TARGET_NAME)";
				SDKROOT = auto;
				SWIFT_ACTIVE_COMPILATION_CONDITIONS = DEBUG;
				SWIFT_OPTIMIZATION_LEVEL = "-Onone";
				SWIFT_VERSION = 5.9;
			};
			name = Debug;
		};
		ECF646BE163A4586A69BE544 /* Release */ = {
			isa = XCBuildConfiguration;
			buildSettings = {
				BUNDLE_LOADER = "$(TEST_HOST)";
				LD_RUNPATH_SEARCH_PATHS = (
					"$(inherited)",
					"@executable_path/Frameworks",
					"@loader_path/Frameworks",
				);
				PRODUCT_BUNDLE_IDENTIFIER = com.eastlakestudio.auranote.tests;
				SDKROOT = auto;
				SUPPORTED_PLATFORMS = "iphoneos iphonesimulator macosx";
				SUPPORTS_MACCATALYST = NO;
				SUPPORTS_MAC_DESIGNED_FOR_IPHONE_IPAD = NO;
				SUPPORTS_XR_DESIGNED_FOR_IPHONE_IPAD = YES;
				TARGETED_DEVICE_FAMILY = "1,2";
				TEST_HOST = "$(BUILT_PRODUCTS_DIR)/AuraNote.app/Contents/MacOS/AuraNote";
			};
			name = Release;
		};
/* End XCBuildConfiguration section */

/* Begin XCConfigurationList section */
		52D704DE002AFCD03B9874F6 /* Build configuration list for PBXNativeTarget "AuraNote" */ = {
			isa = XCConfigurationList;
			buildConfigurations = (
				127029D259F8EFF809E27D07 /* Debug */,
				34D20466DEA4BFE5F15AC3E1 /* Release */,
			);
			defaultConfigurationIsVisible = 0;
			defaultConfigurationName = Debug;
		};
		7D5A3944F7B0F9D082CB2849 /* Build configuration list for PBXProject "AuraNote" */ = {
			isa = XCConfigurationList;
			buildConfigurations = (
				C368846255DE0B60AD2C8B55 /* Debug */,
				5787D4F6AD44CD1542B969CF /* Release */,
			);
			defaultConfigurationIsVisible = 0;
			defaultConfigurationName = Debug;
		};
		D6B44448745AB6B431E63E21 /* Build configuration list for PBXNativeTarget "AuraNoteTests" */ = {
			isa = XCConfigurationList;
			buildConfigurations = (
				4DACF484F322FC29091FC9AC /* Debug */,
				ECF646BE163A4586A69BE544 /* Release */,
			);
			defaultConfigurationIsVisible = 0;
			defaultConfigurationName = Debug;
		};
/* End XCConfigurationList section */

/* Begin XCRemoteSwiftPackageReference section */
		4B5372E24ABB1B319E7FAD33 /* XCRemoteSwiftPackageReference "FluidAudio" */ = {
			isa = XCRemoteSwiftPackageReference;
			repositoryURL = "https://github.com/FluidInference/FluidAudio.git";
			requirement = {
				branch = main;
				kind = branch;
			};
		};
		93DDE6E584C6928ABB67DEA6 /* XCRemoteSwiftPackageReference "WhisperKit" */ = {
			isa = XCRemoteSwiftPackageReference;
			repositoryURL = "https://github.com/argmaxinc/WhisperKit.git";
			requirement = {
				kind = upToNextMajorVersion;
				minimumVersion = 0.9.0;
			};
		};
/* End XCRemoteSwiftPackageReference section */

/* Begin XCSwiftPackageProductDependency section */
		C40E8AF44D5785393BDBAA56 /* WhisperKit */ = {
			isa = XCSwiftPackageProductDependency;
			package = 93DDE6E584C6928ABB67DEA6 /* XCRemoteSwiftPackageReference "WhisperKit" */;
			productName = WhisperKit;
		};
		E29D2CB566CB0EA007BA0347 /* FluidAudio */ = {
			isa = XCSwiftPackageProductDependency;
			package = 4B5372E24ABB1B319E7FAD33 /* XCRemoteSwiftPackageReference "FluidAudio" */;
			productName = FluidAudio;
		};
/* End XCSwiftPackageProductDependency section */
	};
	rootObject = 381EBA69E87A92B569AA4844 /* Project object */;
}
